Microsoft Visual Studio Solution File, Format Version 11.00
# Visual Studio 2008

Project("{CC05F672-6D4D-AC9D-C0B4-211ABEEACE09}") = "Wobbles", "Assembly-CSharp-firstpass.csproj", "{6EB59139-829D-E7A9-C2B9-26454447C844}"
EndProject
Project("{CC05F672-6D4D-AC9D-C0B4-211ABEEACE09}") = "Wobbles", "Assembly-CSharp.csproj", "{BC9E78DF-F3B3-3B47-E3FA-4D806B89A493}"
EndProject
Project("{CC05F672-6D4D-AC9D-C0B4-211ABEEACE09}") = "Wobbles", "Assembly-CSharp-Editor.csproj", "{27D2D294-D66F-4FFF-4076-B4364CA2EBDA}"
EndProject
Project("{CC05F672-6D4D-AC9D-C0B4-211ABEEACE09}") = "Wobbles", "Assembly-UnityScript-firstpass.unityproj", "{BAC36D27-E8A7-761E-9AC4-DAC936D47ECF}"
EndProject
Project("{CC05F672-6D4D-AC9D-C0B4-211ABEEACE09}") = "Wobbles", "Assembly-UnityScript.unityproj", "{27C17AA5-D1FD-DC37-AB4B-36C379432130}"
EndProject
Global
	GlobalSection(SolutionConfigurationPlatforms) = preSolution
		Debug|Any CPU = Debug|Any CPU
		Release|Any CPU = Release|Any CPU
	EndGlobalSection
	GlobalSection(ProjectConfigurationPlatforms) = postSolution
		{6EB59139-829D-E7A9-C2B9-26454447C844}.Debug|Any CPU.ActiveCfg = Debug|Any CPU
		{6EB59139-829D-E7A9-C2B9-26454447C844}.Debug|Any CPU.Build.0 = Debug|Any CPU
		{6EB59139-829D-E7A9-C2B9-26454447C844}.Release|Any CPU.ActiveCfg = Release|Any CPU
		{6EB59139-829D-E7A9-C2B9-26454447C844}.Release|Any CPU.Build.0 = Release|Any CPU
		{BC9E78DF-F3B3-3B47-E3FA-4D806B89A493}.Debug|Any CPU.ActiveCfg = Debug|Any CPU
		{BC9E78DF-F3B3-3B47-E3FA-4D806B89A493}.Debug|Any CPU.Build.0 = Debug|Any CPU
		{BC9E78DF-F3B3-3B47-E3FA-4D806B89A493}.Release|Any CPU.ActiveCfg = Release|Any CPU
		{BC9E78DF-F3B3-3B47-E3FA-4D806B89A493}.Release|Any CPU.Build.0 = Release|Any CPU
		{27D2D294-D66F-4FFF-4076-B4364CA2EBDA}.Debug|Any CPU.ActiveCfg = Debug|Any CPU
		{27D2D294-D66F-4FFF-4076-B4364CA2EBDA}.Debug|Any CPU.Build.0 = Debug|Any CPU
		{27D2D294-D66F-4FFF-4076-B4364CA2EBDA}.Release|Any CPU.ActiveCfg = Release|Any CPU
		{27D2D294-D66F-4FFF-4076-B4364CA2EBDA}.Release|Any CPU.Build.0 = Release|Any CPU
		{BAC36D27-E8A7-761E-9AC4-DAC936D47ECF}.Debug|Any CPU.ActiveCfg = Debug|Any CPU
		{BAC36D27-E8A7-761E-9AC4-DAC936D47ECF}.Debug|Any CPU.Build.0 = Debug|Any CPU
		{BAC36D27-E8A7-761E-9AC4-DAC936D47ECF}.Release|Any CPU.ActiveCfg = Release|Any CPU
		{BAC36D27-E8A7-761E-9AC4-DAC936D47ECF}.Release|Any CPU.Build.0 = Release|Any CPU
		{27C17AA5-D1FD-DC37-AB4B-36C379432130}.Debug|Any CPU.ActiveCfg = Debug|Any CPU
		{27C17AA5-D1FD-DC37-AB4B-36C379432130}.Debug|Any CPU.Build.0 = Debug|Any CPU
		{27C17AA5-D1FD-DC37-AB4B-36C379432130}.Release|Any CPU.ActiveCfg = Release|Any CPU
		{27C17AA5-D1FD-DC37-AB4B-36C379432130}.Release|Any CPU.Build.0 = Release|Any CPU
	EndGlobalSection
	GlobalSection(SolutionProperties) = preSolution
		HideSolutionNode = FALSE
	EndGlobalSection
																																																																				GlobalSection(MonoDevelopProperties) = preSolution
		StartupItem = Assembly-CSharp.csproj
		Policies = $0
		$0.TextStylePolicy = $1
		$1.inheritsSet = null
		$1.scope = text/x-csharp
		$0.CSharpFormattingPolicy = $2
		$2.inheritsSet = Mono
		$2.inheritsScope = text/x-csharp
		$2.scope = text/x-csharp
		$0.TextStylePolicy = $3
		$3.FileWidth = 120
		$3.TabWidth = 4
		$3.EolMarker = Unix
		$3.inheritsSet = Mono
		$3.inheritsScope = text/plain
		$3.scope = text/plain
	EndGlobalSection

EndGlobal
